
Microsoft Visual Studio Solution File, Format Version 12.00
# Visual Studio Version 17
VisualStudioVersion = 17.6.33829.357
MinimumVisualStudioVersion = 10.0.40219.1
Project("{2150E333-8FDC-42A3-9474-1A3956D46DE8}") = "Src", "Src", "{4AE6DF6F-5096-45C7-BCF3-32830EA29A26}"
EndProject
Project("{2150E333-8FDC-42A3-9474-1A3956D46DE8}") = "Domain", "Domain", "{88E4F964-8D88-4F8D-AF51-54210E2C2E88}"
EndProject
Project("{9A19103F-16F7-4668-BE54-9A1E7A4F7556}") = "PM.Domain", "PM.Domain\PM.Domain.csproj", "{0FC390A7-6301-4326-9C6C-4A5AF9EF331B}"
EndProject
Project("{2150E333-8FDC-42A3-9474-1A3956D46DE8}") = "Application", "Application", "{AD5698F2-331C-4E95-80F3-14C1511BCD43}"
EndProject
Project("{9A19103F-16F7-4668-BE54-9A1E7A4F7556}") = "PM.Application", "PM.Logic\PM.Application.csproj", "{34F593B5-5DA0-4B04-803D-015AB6D34A5C}"
EndProject
Project("{2150E333-8FDC-42A3-9474-1A3956D46DE8}") = "Infrastructure", "Infrastructure", "{2C771D70-7A8A-4965-9F75-1661884EAD21}"
EndProject
Project("{9A19103F-16F7-4668-BE54-9A1E7A4F7556}") = "PM.Infrastructure", "PM.Infrastructure\PM.Infrastructure.csproj", "{65165002-40E4-4617-8C67-7CDAB54EC26D}"
EndProject
Project("{2150E333-8FDC-42A3-9474-1A3956D46DE8}") = "App", "App", "{6DAFAE51-12F1-4193-A17E-4607F99CD6AB}"
EndProject
Project("{9A19103F-16F7-4668-BE54-9A1E7A4F7556}") = "PM.WebApi", "PM.WebApi\PM.WebApi.csproj", "{4489FCA8-085D-4D3A-86A1-8F5C516F8675}"
EndProject
Project("{2150E333-8FDC-42A3-9474-1A3956D46DE8}") = "Contracts", "Contracts", "{48BD7AFB-DE0D-4530-AFAF-F2E87C4BA84C}"
EndProject
Project("{9A19103F-16F7-4668-BE54-9A1E7A4F7556}") = "PM.Contracts", "PM.Contracts\PM.Contracts.csproj", "{E216ADE1-8838-4946-A1B5-96700DFF3A6D}"
EndProject
Project("{2150E333-8FDC-42A3-9474-1A3956D46DE8}") = "Common", "Common", "{1305D261-BED1-4BA3-B781-5DAA4E9EEE40}"
EndProject
Global
	GlobalSection(SolutionConfigurationPlatforms) = preSolution
		Debug|Any CPU = Debug|Any CPU
		Release|Any CPU = Release|Any CPU
	EndGlobalSection
	GlobalSection(ProjectConfigurationPlatforms) = postSolution
		{0FC390A7-6301-4326-9C6C-4A5AF9EF331B}.Debug|Any CPU.ActiveCfg = Debug|Any CPU
		{0FC390A7-6301-4326-9C6C-4A5AF9EF331B}.Debug|Any CPU.Build.0 = Debug|Any CPU
		{0FC390A7-6301-4326-9C6C-4A5AF9EF331B}.Release|Any CPU.ActiveCfg = Release|Any CPU
		{0FC390A7-6301-4326-9C6C-4A5AF9EF331B}.Release|Any CPU.Build.0 = Release|Any CPU
		{34F593B5-5DA0-4B04-803D-015AB6D34A5C}.Debug|Any CPU.ActiveCfg = Debug|Any CPU
		{34F593B5-5DA0-4B04-803D-015AB6D34A5C}.Debug|Any CPU.Build.0 = Debug|Any CPU
		{34F593B5-5DA0-4B04-803D-015AB6D34A5C}.Release|Any CPU.ActiveCfg = Release|Any CPU
		{34F593B5-5DA0-4B04-803D-015AB6D34A5C}.Release|Any CPU.Build.0 = Release|Any CPU
		{65165002-40E4-4617-8C67-7CDAB54EC26D}.Debug|Any CPU.ActiveCfg = Debug|Any CPU
		{65165002-40E4-4617-8C67-7CDAB54EC26D}.Debug|Any CPU.Build.0 = Debug|Any CPU
		{65165002-40E4-4617-8C67-7CDAB54EC26D}.Release|Any CPU.ActiveCfg = Release|Any CPU
		{65165002-40E4-4617-8C67-7CDAB54EC26D}.Release|Any CPU.Build.0 = Release|Any CPU
		{4489FCA8-085D-4D3A-86A1-8F5C516F8675}.Debug|Any CPU.ActiveCfg = Debug|Any CPU
		{4489FCA8-085D-4D3A-86A1-8F5C516F8675}.Debug|Any CPU.Build.0 = Debug|Any CPU
		{4489FCA8-085D-4D3A-86A1-8F5C516F8675}.Release|Any CPU.ActiveCfg = Release|Any CPU
		{4489FCA8-085D-4D3A-86A1-8F5C516F8675}.Release|Any CPU.Build.0 = Release|Any CPU
		{E216ADE1-8838-4946-A1B5-96700DFF3A6D}.Debug|Any CPU.ActiveCfg = Debug|Any CPU
		{E216ADE1-8838-4946-A1B5-96700DFF3A6D}.Debug|Any CPU.Build.0 = Debug|Any CPU
		{E216ADE1-8838-4946-A1B5-96700DFF3A6D}.Release|Any CPU.ActiveCfg = Release|Any CPU
		{E216ADE1-8838-4946-A1B5-96700DFF3A6D}.Release|Any CPU.Build.0 = Release|Any CPU
	EndGlobalSection
	GlobalSection(SolutionProperties) = preSolution
		HideSolutionNode = FALSE
	EndGlobalSection
	GlobalSection(NestedProjects) = preSolution
		{88E4F964-8D88-4F8D-AF51-54210E2C2E88} = {1305D261-BED1-4BA3-B781-5DAA4E9EEE40}
		{0FC390A7-6301-4326-9C6C-4A5AF9EF331B} = {88E4F964-8D88-4F8D-AF51-54210E2C2E88}
		{AD5698F2-331C-4E95-80F3-14C1511BCD43} = {1305D261-BED1-4BA3-B781-5DAA4E9EEE40}
		{34F593B5-5DA0-4B04-803D-015AB6D34A5C} = {AD5698F2-331C-4E95-80F3-14C1511BCD43}
		{2C771D70-7A8A-4965-9F75-1661884EAD21} = {1305D261-BED1-4BA3-B781-5DAA4E9EEE40}
		{65165002-40E4-4617-8C67-7CDAB54EC26D} = {2C771D70-7A8A-4965-9F75-1661884EAD21}
		{6DAFAE51-12F1-4193-A17E-4607F99CD6AB} = {4AE6DF6F-5096-45C7-BCF3-32830EA29A26}
		{4489FCA8-085D-4D3A-86A1-8F5C516F8675} = {6DAFAE51-12F1-4193-A17E-4607F99CD6AB}
		{48BD7AFB-DE0D-4530-AFAF-F2E87C4BA84C} = {4AE6DF6F-5096-45C7-BCF3-32830EA29A26}
		{E216ADE1-8838-4946-A1B5-96700DFF3A6D} = {48BD7AFB-DE0D-4530-AFAF-F2E87C4BA84C}
		{1305D261-BED1-4BA3-B781-5DAA4E9EEE40} = {4AE6DF6F-5096-45C7-BCF3-32830EA29A26}
	EndGlobalSection
	GlobalSection(ExtensibilityGlobals) = postSolution
		SolutionGuid = {1C879A7F-0065-4CA0-878F-706194000529}
	EndGlobalSection
EndGlobal
